
Microsoft Visual Studio Solution File, Format Version 12.00
# Visual Studio Version 16
VisualStudioVersion = 16.0.29806.167
MinimumVisualStudioVersion = 10.0.40219.1
Project("{2150E333-8FDC-42A3-9474-1A3956D46DE8}") = "src", "src", "{6E3CBBC5-3BED-4075-8445-6BE0AA2D21F2}"
EndProject
Project("{2150E333-8FDC-42A3-9474-1A3956D46DE8}") = "test", "test", "{42E80258-8614-4249-A784-55A54C30FB9D}"
EndProject
Project("{9A19103F-16F7-4668-BE54-9A1E7A4F7556}") = "Store.Api", "src\Store.Api\Store.Api.csproj", "{D3A34617-33E0-459D-8F10-45D0CFD67D1D}"
EndProject
Project("{9A19103F-16F7-4668-BE54-9A1E7A4F7556}") = "Store.Business", "src\Store.Business\Store.Business.csproj", "{573D143C-A6C8-4A05-ACD3-D5B8EAEB2692}"
EndProject
Project("{9A19103F-16F7-4668-BE54-9A1E7A4F7556}") = "Store.Core", "src\Store.Core\Store.Core.csproj", "{FEBA2579-BDA2-42C4-B6DC-92160F7A0D3E}"
EndProject
Project("{9A19103F-16F7-4668-BE54-9A1E7A4F7556}") = "Store.DataAccess", "src\Store.DataAccess\Store.DataAccess.csproj", "{A7037F14-95B1-40B9-B763-8816FA79F5EF}"
EndProject
Global
	GlobalSection(SolutionConfigurationPlatforms) = preSolution
		Debug|Any CPU = Debug|Any CPU
		Release|Any CPU = Release|Any CPU
	EndGlobalSection
	GlobalSection(ProjectConfigurationPlatforms) = postSolution
		{D3A34617-33E0-459D-8F10-45D0CFD67D1D}.Debug|Any CPU.ActiveCfg = Debug|Any CPU
		{D3A34617-33E0-459D-8F10-45D0CFD67D1D}.Debug|Any CPU.Build.0 = Debug|Any CPU
		{D3A34617-33E0-459D-8F10-45D0CFD67D1D}.Release|Any CPU.ActiveCfg = Release|Any CPU
		{D3A34617-33E0-459D-8F10-45D0CFD67D1D}.Release|Any CPU.Build.0 = Release|Any CPU
		{573D143C-A6C8-4A05-ACD3-D5B8EAEB2692}.Debug|Any CPU.ActiveCfg = Debug|Any CPU
		{573D143C-A6C8-4A05-ACD3-D5B8EAEB2692}.Debug|Any CPU.Build.0 = Debug|Any CPU
		{573D143C-A6C8-4A05-ACD3-D5B8EAEB2692}.Release|Any CPU.ActiveCfg = Release|Any CPU
		{573D143C-A6C8-4A05-ACD3-D5B8EAEB2692}.Release|Any CPU.Build.0 = Release|Any CPU
		{FEBA2579-BDA2-42C4-B6DC-92160F7A0D3E}.Debug|Any CPU.ActiveCfg = Debug|Any CPU
		{FEBA2579-BDA2-42C4-B6DC-92160F7A0D3E}.Debug|Any CPU.Build.0 = Debug|Any CPU
		{FEBA2579-BDA2-42C4-B6DC-92160F7A0D3E}.Release|Any CPU.ActiveCfg = Release|Any CPU
		{FEBA2579-BDA2-42C4-B6DC-92160F7A0D3E}.Release|Any CPU.Build.0 = Release|Any CPU
		{A7037F14-95B1-40B9-B763-8816FA79F5EF}.Debug|Any CPU.ActiveCfg = Debug|Any CPU
		{A7037F14-95B1-40B9-B763-8816FA79F5EF}.Debug|Any CPU.Build.0 = Debug|Any CPU
		{A7037F14-95B1-40B9-B763-8816FA79F5EF}.Release|Any CPU.ActiveCfg = Release|Any CPU
		{A7037F14-95B1-40B9-B763-8816FA79F5EF}.Release|Any CPU.Build.0 = Release|Any CPU
	EndGlobalSection
	GlobalSection(SolutionProperties) = preSolution
		HideSolutionNode = FALSE
	EndGlobalSection
	GlobalSection(NestedProjects) = preSolution
		{D3A34617-33E0-459D-8F10-45D0CFD67D1D} = {6E3CBBC5-3BED-4075-8445-6BE0AA2D21F2}
		{573D143C-A6C8-4A05-ACD3-D5B8EAEB2692} = {6E3CBBC5-3BED-4075-8445-6BE0AA2D21F2}
		{FEBA2579-BDA2-42C4-B6DC-92160F7A0D3E} = {6E3CBBC5-3BED-4075-8445-6BE0AA2D21F2}
		{A7037F14-95B1-40B9-B763-8816FA79F5EF} = {6E3CBBC5-3BED-4075-8445-6BE0AA2D21F2}
	EndGlobalSection
	GlobalSection(ExtensibilityGlobals) = postSolution
		SolutionGuid = {A02C2019-F058-4DE6-A98A-FDC4E2D78B51}
	EndGlobalSection
EndGlobal
